
Microsoft Visual Studio Solution File, Format Version 12.00
# Visual Studio 2013
VisualStudioVersion = 12.0.21005.1
MinimumVisualStudioVersion = 10.0.40219.1
Project("{FAE04EC0-301F-11D3-BF4B-00C04F79EFBC}") = "ShopQuanAo", "ShopQuanAo\ShopQuanAo.csproj", "{0DCDF91F-02C2-483C-857E-E41A7E437EB7}"
EndProject
Project("{FAE04EC0-301F-11D3-BF4B-00C04F79EFBC}") = "ShopQuanAo.Tests", "ShopQuanAo.Tests\ShopQuanAo.Tests.csproj", "{A5D8B79F-9418-48E9-A750-486C66A18827}"
EndProject
Project("{FAE04EC0-301F-11D3-BF4B-00C04F79EFBC}") = "Model", "Model\Model.csproj", "{0C098123-73CE-4539-BF61-3A9672D113D6}"
EndProject
Global
	GlobalSection(SolutionConfigurationPlatforms) = preSolution
		Debug|Any CPU = Debug|Any CPU
		Release|Any CPU = Release|Any CPU
	EndGlobalSection
	GlobalSection(ProjectConfigurationPlatforms) = postSolution
		{0DCDF91F-02C2-483C-857E-E41A7E437EB7}.Debug|Any CPU.ActiveCfg = Debug|Any CPU
		{0DCDF91F-02C2-483C-857E-E41A7E437EB7}.Debug|Any CPU.Build.0 = Debug|Any CPU
		{0DCDF91F-02C2-483C-857E-E41A7E437EB7}.Release|Any CPU.ActiveCfg = Release|Any CPU
		{0DCDF91F-02C2-483C-857E-E41A7E437EB7}.Release|Any CPU.Build.0 = Release|Any CPU
		{A5D8B79F-9418-48E9-A750-486C66A18827}.Debug|Any CPU.ActiveCfg = Debug|Any CPU
		{A5D8B79F-9418-48E9-A750-486C66A18827}.Debug|Any CPU.Build.0 = Debug|Any CPU
		{A5D8B79F-9418-48E9-A750-486C66A18827}.Release|Any CPU.ActiveCfg = Release|Any CPU
		{A5D8B79F-9418-48E9-A750-486C66A18827}.Release|Any CPU.Build.0 = Release|Any CPU
		{0C098123-73CE-4539-BF61-3A9672D113D6}.Debug|Any CPU.ActiveCfg = Debug|Any CPU
		{0C098123-73CE-4539-BF61-3A9672D113D6}.Debug|Any CPU.Build.0 = Debug|Any CPU
		{0C098123-73CE-4539-BF61-3A9672D113D6}.Release|Any CPU.ActiveCfg = Release|Any CPU
		{0C098123-73CE-4539-BF61-3A9672D113D6}.Release|Any CPU.Build.0 = Release|Any CPU
	EndGlobalSection
	GlobalSection(SolutionProperties) = preSolution
		HideSolutionNode = FALSE
	EndGlobalSection
EndGlobal
